
Microsoft Visual Studio Solution File, Format Version 12.00
# Visual Studio Version 16
VisualStudioVersion = 16.0.30907.101
MinimumVisualStudioVersion = 10.0.40219.1
Project("{9A19103F-16F7-4668-BE54-9A1E7A4F7556}") = "AffinOuterAPI", "AffinOuterAPI.csproj", "{2C195D0F-D389-408A-AF05-37D4101D67FA}"
EndProject
Project("{9A19103F-16F7-4668-BE54-9A1E7A4F7556}") = "AffinOuterAPI.Client", "..\AffinOuterAPI.Client\AffinOuterAPI.Client.csproj", "{81B349F1-F16B-448C-BD6C-330F39B5D6CC}"
EndProject
Project("{9A19103F-16F7-4668-BE54-9A1E7A4F7556}") = "AffinOuterAPI.BLL", "..\AffinOuterAPI.BLL\AffinOuterAPI.BLL.csproj", "{898A7306-765E-4983-A95C-84CE4E2B62EB}"
EndProject
Global
	GlobalSection(SolutionConfigurationPlatforms) = preSolution
		Debug|Any CPU = Debug|Any CPU
		Release|Any CPU = Release|Any CPU
	EndGlobalSection
	GlobalSection(ProjectConfigurationPlatforms) = postSolution
		{2C195D0F-D389-408A-AF05-37D4101D67FA}.Debug|Any CPU.ActiveCfg = Debug|Any CPU
		{2C195D0F-D389-408A-AF05-37D4101D67FA}.Debug|Any CPU.Build.0 = Debug|Any CPU
		{2C195D0F-D389-408A-AF05-37D4101D67FA}.Release|Any CPU.ActiveCfg = Release|Any CPU
		{2C195D0F-D389-408A-AF05-37D4101D67FA}.Release|Any CPU.Build.0 = Release|Any CPU
		{81B349F1-F16B-448C-BD6C-330F39B5D6CC}.Debug|Any CPU.ActiveCfg = Debug|Any CPU
		{81B349F1-F16B-448C-BD6C-330F39B5D6CC}.Debug|Any CPU.Build.0 = Debug|Any CPU
		{81B349F1-F16B-448C-BD6C-330F39B5D6CC}.Release|Any CPU.ActiveCfg = Release|Any CPU
		{81B349F1-F16B-448C-BD6C-330F39B5D6CC}.Release|Any CPU.Build.0 = Release|Any CPU
		{898A7306-765E-4983-A95C-84CE4E2B62EB}.Debug|Any CPU.ActiveCfg = Debug|Any CPU
		{898A7306-765E-4983-A95C-84CE4E2B62EB}.Debug|Any CPU.Build.0 = Debug|Any CPU
		{898A7306-765E-4983-A95C-84CE4E2B62EB}.Release|Any CPU.ActiveCfg = Release|Any CPU
		{898A7306-765E-4983-A95C-84CE4E2B62EB}.Release|Any CPU.Build.0 = Release|Any CPU
	EndGlobalSection
	GlobalSection(SolutionProperties) = preSolution
		HideSolutionNode = FALSE
	EndGlobalSection
	GlobalSection(ExtensibilityGlobals) = postSolution
		SolutionGuid = {FF8669F0-B595-4025-8439-748D4BB08C53}
	EndGlobalSection
EndGlobal
